
Microsoft Visual Studio Solution File, Format Version 12.00
# Visual Studio Version 16
VisualStudioVersion = 16.0.31025.194
MinimumVisualStudioVersion = 10.0.40219.1
Project("{FAE04EC0-301F-11D3-BF4B-00C04F79EFBC}") = "API_CarCenter", "API_CarCenter\API_CarCenter.csproj", "{A10977FF-32C2-4DCC-9F69-BCFA8F30CD10}"
EndProject
Global
	GlobalSection(SolutionConfigurationPlatforms) = preSolution
		Debug|Any CPU = Debug|Any CPU
		Release|Any CPU = Release|Any CPU
	EndGlobalSection
	GlobalSection(ProjectConfigurationPlatforms) = postSolution
		{A10977FF-32C2-4DCC-9F69-BCFA8F30CD10}.Debug|Any CPU.ActiveCfg = Debug|Any CPU
		{A10977FF-32C2-4DCC-9F69-BCFA8F30CD10}.Debug|Any CPU.Build.0 = Debug|Any CPU
		{A10977FF-32C2-4DCC-9F69-BCFA8F30CD10}.Release|Any CPU.ActiveCfg = Release|Any CPU
		{A10977FF-32C2-4DCC-9F69-BCFA8F30CD10}.Release|Any CPU.Build.0 = Release|Any CPU
	EndGlobalSection
	GlobalSection(SolutionProperties) = preSolution
		HideSolutionNode = FALSE
	EndGlobalSection
	GlobalSection(ExtensibilityGlobals) = postSolution
		SolutionGuid = {1F4CB4D0-6CB6-439B-8160-050D4191798A}
	EndGlobalSection
EndGlobal
